
Microsoft Visual Studio Solution File, Format Version 12.00
# Visual Studio Version 17
VisualStudioVersion = 17.12.35527.113 d17.12
MinimumVisualStudioVersion = 10.0.40219.1
Project("{FAE04EC0-301F-11D3-BF4B-00C04F79EFBC}") = "TelHai.CS.DotNet.GalHelner_NoamHai.HW5", "TelHai.CS.DotNet.GalHelner_NoamHai.HW5\TelHai.CS.DotNet.GalHelner_NoamHai.HW5.csproj", "{CC594E22-BC2A-43A1-BC55-384E3947A9ED}"
EndProject
Global
	GlobalSection(SolutionConfigurationPlatforms) = preSolution
		Debug|Any CPU = Debug|Any CPU
		Release|Any CPU = Release|Any CPU
	EndGlobalSection
	GlobalSection(ProjectConfigurationPlatforms) = postSolution
		{CC594E22-BC2A-43A1-BC55-384E3947A9ED}.Debug|Any CPU.ActiveCfg = Debug|Any CPU
		{CC594E22-BC2A-43A1-BC55-384E3947A9ED}.Debug|Any CPU.Build.0 = Debug|Any CPU
		{CC594E22-BC2A-43A1-BC55-384E3947A9ED}.Release|Any CPU.ActiveCfg = Release|Any CPU
		{CC594E22-BC2A-43A1-BC55-384E3947A9ED}.Release|Any CPU.Build.0 = Release|Any CPU
	EndGlobalSection
	GlobalSection(SolutionProperties) = preSolution
		HideSolutionNode = FALSE
	EndGlobalSection
EndGlobal
